
Microsoft Visual Studio Solution File, Format Version 12.00
Project("{FAE04EC0-301F-11D3-BF4B-00C04F79EFBC}") = "autoClean", "autoClean\autoClean.csproj", "{A8CCFD7F-4ED0-44BF-88B2-5913645AD492}"
EndProject
Global
	GlobalSection(SolutionConfigurationPlatforms) = preSolution
		Debug|Any CPU = Debug|Any CPU
		Release|Any CPU = Release|Any CPU
	EndGlobalSection
	GlobalSection(ProjectConfigurationPlatforms) = postSolution
		{A8CCFD7F-4ED0-44BF-88B2-5913645AD492}.Debug|Any CPU.ActiveCfg = Debug|Any CPU
		{A8CCFD7F-4ED0-44BF-88B2-5913645AD492}.Debug|Any CPU.Build.0 = Debug|Any CPU
		{A8CCFD7F-4ED0-44BF-88B2-5913645AD492}.Release|Any CPU.ActiveCfg = Release|Any CPU
		{A8CCFD7F-4ED0-44BF-88B2-5913645AD492}.Release|Any CPU.Build.0 = Release|Any CPU
	EndGlobalSection
EndGlobal
