
Microsoft Visual Studio Solution File, Format Version 12.00
# Visual Studio 15
VisualStudioVersion = 15.0.28307.2017
MinimumVisualStudioVersion = 10.0.40219.1
Project("{FAE04EC0-301F-11D3-BF4B-00C04F79EFBC}") = "hlObject", "hlObject\hlObject.csproj", "{38FD4EF1-21DD-41FF-9C0F-D37218E808AA}"
EndProject
Global
	GlobalSection(SolutionConfigurationPlatforms) = preSolution
		Debug|Any CPU = Debug|Any CPU
		Release|Any CPU = Release|Any CPU
	EndGlobalSection
	GlobalSection(ProjectConfigurationPlatforms) = postSolution
		{38FD4EF1-21DD-41FF-9C0F-D37218E808AA}.Debug|Any CPU.ActiveCfg = Debug|Any CPU
		{38FD4EF1-21DD-41FF-9C0F-D37218E808AA}.Debug|Any CPU.Build.0 = Debug|Any CPU
		{38FD4EF1-21DD-41FF-9C0F-D37218E808AA}.Release|Any CPU.ActiveCfg = Release|Any CPU
		{38FD4EF1-21DD-41FF-9C0F-D37218E808AA}.Release|Any CPU.Build.0 = Release|Any CPU
	EndGlobalSection
	GlobalSection(SolutionProperties) = preSolution
		HideSolutionNode = FALSE
	EndGlobalSection
	GlobalSection(ExtensibilityGlobals) = postSolution
		SolutionGuid = {AECA5FF5-9F7E-4A29-9D96-29D5AB73F3C2}
	EndGlobalSection
EndGlobal
